// !$*UTF8*$!
{
	archiveVersion = 1;
	classes = {
	};
	objectVersion = 55;
	objects = {

/* Begin PBXBuildFile section */
		1C6DF4A428BCE54B002F52D0 /* SaveMoneyReportList.storyboard in Resources */ = {isa = PBXBuildFile; fileRef = 1C6DF4A328BCE547002F52D0 /* SaveMoneyReportList.storyboard */; };
		1C6DF4A628BCE5D1002F52D0 /* SaveMoneyReportListViewController.swift in Sources */ = {isa = PBXBuildFile; fileRef = 1C6DF4A528BCE5D1002F52D0 /* SaveMoneyReportListViewController.swift */; };
		1C6DF4A828BCE961002F52D0 /* SaveMoneyReportListTableViewCell.xib in Resources */ = {isa = PBXBuildFile; fileRef = 1C6DF4A728BCE961002F52D0 /* SaveMoneyReportListTableViewCell.xib */; };
		1C6DF4AA28BCE9D5002F52D0 /* SaveMoneyReportListTableViewCell.swift in Sources */ = {isa = PBXBuildFile; fileRef = 1C6DF4A928BCE9D4002F52D0 /* SaveMoneyReportListTableViewCell.swift */; };
		1CA2DD2028B5E5B300F401CC /* CreateChallenge.storyboard in Resources */ = {isa = PBXBuildFile; fileRef = 1CA2DD1F28B5E5B300F401CC /* CreateChallenge.storyboard */; };
		1CA2DD2228B5E5CE00F401CC /* CreateChallengeViewController.swift in Sources */ = {isa = PBXBuildFile; fileRef = 1CA2DD2128B5E5CE00F401CC /* CreateChallengeViewController.swift */; };
		1CA2DD2428B8A0EA00F401CC /* Challenge.swift in Sources */ = {isa = PBXBuildFile; fileRef = 1CA2DD2328B8A0E900F401CC /* Challenge.swift */; };
		1CACC76328D9683100A1F052 /* ResetPassword.storyboard in Resources */ = {isa = PBXBuildFile; fileRef = 1CACC76228D9683000A1F052 /* ResetPassword.storyboard */; };
		1CACC76528D9AABB00A1F052 /* ResetPasswordViewController.swift in Sources */ = {isa = PBXBuildFile; fileRef = 1CACC76428D9AABB00A1F052 /* ResetPasswordViewController.swift */; };
		1CACC76728DC2ADF00A1F052 /* Menu.storyboard in Resources */ = {isa = PBXBuildFile; fileRef = 1CACC76628DC2ADE00A1F052 /* Menu.storyboard */; };
		1CACC76928DC2F0C00A1F052 /* MenuViewController.swift in Sources */ = {isa = PBXBuildFile; fileRef = 1CACC76828DC2F0C00A1F052 /* MenuViewController.swift */; };
		1CB7A3FF28A36021008E1262 /* AppDelegate.swift in Sources */ = {isa = PBXBuildFile; fileRef = 1CB7A3FE28A36021008E1262 /* AppDelegate.swift */; };
		1CB7A40128A36021008E1262 /* SceneDelegate.swift in Sources */ = {isa = PBXBuildFile; fileRef = 1CB7A40028A36021008E1262 /* SceneDelegate.swift */; };
		1CB7A40328A36021008E1262 /* ViewController.swift in Sources */ = {isa = PBXBuildFile; fileRef = 1CB7A40228A36021008E1262 /* ViewController.swift */; };
		1CB7A40628A36021008E1262 /* Main.storyboard in Resources */ = {isa = PBXBuildFile; fileRef = 1CB7A40428A36021008E1262 /* Main.storyboard */; };
		1CB7A40828A36026008E1262 /* Assets.xcassets in Resources */ = {isa = PBXBuildFile; fileRef = 1CB7A40728A36026008E1262 /* Assets.xcassets */; };
		1CB7A40B28A36026008E1262 /* LaunchScreen.storyboard in Resources */ = {isa = PBXBuildFile; fileRef = 1CB7A40928A36026008E1262 /* LaunchScreen.storyboard */; };
		1CB7A41528A3643B008E1262 /* SignUp.storyboard in Resources */ = {isa = PBXBuildFile; fileRef = 1CB7A41428A3643B008E1262 /* SignUp.storyboard */; };
		1CB7A41A28A3A79E008E1262 /* SignUpViewController.swift in Sources */ = {isa = PBXBuildFile; fileRef = 1CB7A41928A3A79E008E1262 /* SignUpViewController.swift */; };
		1CD3807E28A4A60600B2AC80 /* GoogleService-Info.plist in Resources */ = {isa = PBXBuildFile; fileRef = 1CD3807D28A4A60600B2AC80 /* GoogleService-Info.plist */; };
		1CD3808028A4F0C100B2AC80 /* User.swift in Sources */ = {isa = PBXBuildFile; fileRef = 1CD3807F28A4F0C100B2AC80 /* User.swift */; };
		1CD380AC28A5FB9A00B2AC80 /* UserDetails.storyboard in Resources */ = {isa = PBXBuildFile; fileRef = 1CD380AB28A5FB9A00B2AC80 /* UserDetails.storyboard */; };
		1CD380AE28A5FC5D00B2AC80 /* UserDetailsViewController.swift in Sources */ = {isa = PBXBuildFile; fileRef = 1CD380AD28A5FC5D00B2AC80 /* UserDetailsViewController.swift */; };
		1CD380B028A602FF00B2AC80 /* UserDetailsTableViewHeaderView.xib in Resources */ = {isa = PBXBuildFile; fileRef = 1CD380AF28A602FF00B2AC80 /* UserDetailsTableViewHeaderView.xib */; };
		1CD380B228A6033C00B2AC80 /* UserDetailsTableViewHeaderView.swift in Sources */ = {isa = PBXBuildFile; fileRef = 1CD380B128A6033C00B2AC80 /* UserDetailsTableViewHeaderView.swift */; };
		1CD380B428A62CB000B2AC80 /* UserDetailsTableViewCell.xib in Resources */ = {isa = PBXBuildFile; fileRef = 1CD380B328A62CB000B2AC80 /* UserDetailsTableViewCell.xib */; };
		1CD380B628A62CC700B2AC80 /* UserDetailsTableViewCell.swift in Sources */ = {isa = PBXBuildFile; fileRef = 1CD380B528A62CC600B2AC80 /* UserDetailsTableViewCell.swift */; };
		1CD380B828A63C7000B2AC80 /* Option.swift in Sources */ = {isa = PBXBuildFile; fileRef = 1CD380B728A63C7000B2AC80 /* Option.swift */; };
		1CD380C228A8F51B00B2AC80 /* Home.storyboard in Resources */ = {isa = PBXBuildFile; fileRef = 1CD380C128A8F51B00B2AC80 /* Home.storyboard */; };
		1CD380C428A8F53A00B2AC80 /* HomeViewController.swift in Sources */ = {isa = PBXBuildFile; fileRef = 1CD380C328A8F53A00B2AC80 /* HomeViewController.swift */; };
		1CD380EA28AC8AD200B2AC80 /* ChallengeCollectionViewCell.xib in Resources */ = {isa = PBXBuildFile; fileRef = 1CD380E928AC8AD200B2AC80 /* ChallengeCollectionViewCell.xib */; };
		1CD380EC28AC8B1C00B2AC80 /* ChallengeCollectionViewCell.swift in Sources */ = {isa = PBXBuildFile; fileRef = 1CD380EB28AC8B1C00B2AC80 /* ChallengeCollectionViewCell.swift */; };
		1CD380EE28B06E2300B2AC80 /* UIColor+.swift in Sources */ = {isa = PBXBuildFile; fileRef = 1CD380ED28B06E2300B2AC80 /* UIColor+.swift */; };
		1CD380F028B343E500B2AC80 /* SignIn.storyboard in Resources */ = {isa = PBXBuildFile; fileRef = 1CD380EF28B343E400B2AC80 /* SignIn.storyboard */; };
		1CD380F228B3440600B2AC80 /* SignInViewController.swift in Sources */ = {isa = PBXBuildFile; fileRef = 1CD380F128B3440600B2AC80 /* SignInViewController.swift */; };
		1CEB237428BE030000D3FE15 /* CreateSaveMoenyReport.storyboard in Resources */ = {isa = PBXBuildFile; fileRef = 1CEB237328BE030000D3FE15 /* CreateSaveMoenyReport.storyboard */; };
		1CEB237628BE03BF00D3FE15 /* CreateSaveMoneyReportViewController.swift in Sources */ = {isa = PBXBuildFile; fileRef = 1CEB237528BE03BF00D3FE15 /* CreateSaveMoneyReportViewController.swift */; };
		1CEB237A28BE5E1100D3FE15 /* UIButton+.swift in Sources */ = {isa = PBXBuildFile; fileRef = 1CEB237928BE5E1100D3FE15 /* UIButton+.swift */; };
		1CEB237C28BF45F500D3FE15 /* SaveMoneyReport.swift in Sources */ = {isa = PBXBuildFile; fileRef = 1CEB237B28BF45F500D3FE15 /* SaveMoneyReport.swift */; };
		1CEB237E28C0A1E600D3FE15 /* UITextField+.swift in Sources */ = {isa = PBXBuildFile; fileRef = 1CEB237D28C0A1E600D3FE15 /* UITextField+.swift */; };
		1CEB238228C1F11E00D3FE15 /* AlertManager.swift in Sources */ = {isa = PBXBuildFile; fileRef = 1CEB238128C1F11E00D3FE15 /* AlertManager.swift */; };
		1CEB238428C5A94100D3FE15 /* FirebaseValueManager.swift in Sources */ = {isa = PBXBuildFile; fileRef = 1CEB238328C5A94100D3FE15 /* FirebaseValueManager.swift */; };
		9DC38D5127426FCCFA123819 /* Pods_SetsuyakuChallenge.framework in Frameworks */ = {isa = PBXBuildFile; fileRef = 9559AA5CFA7CEF13DE1E1D23 /* Pods_SetsuyakuChallenge.framework */; };
/* End PBXBuildFile section */

/* Begin PBXFileReference section */
		1C6DF4A328BCE547002F52D0 /* SaveMoneyReportList.storyboard */ = {isa = PBXFileReference; lastKnownFileType = file.storyboard; path = SaveMoneyReportList.storyboard; sourceTree = "<group>"; };
		1C6DF4A528BCE5D1002F52D0 /* SaveMoneyReportListViewController.swift */ = {isa = PBXFileReference; lastKnownFileType = sourcecode.swift; path = SaveMoneyReportListViewController.swift; sourceTree = "<group>"; };
		1C6DF4A728BCE961002F52D0 /* SaveMoneyReportListTableViewCell.xib */ = {isa = PBXFileReference; lastKnownFileType = file.xib; path = SaveMoneyReportListTableViewCell.xib; sourceTree = "<group>"; };
		1C6DF4A928BCE9D4002F52D0 /* SaveMoneyReportListTableViewCell.swift */ = {isa = PBXFileReference; lastKnownFileType = sourcecode.swift; path = SaveMoneyReportListTableViewCell.swift; sourceTree = "<group>"; };
		1CA2DD1F28B5E5B300F401CC /* CreateChallenge.storyboard */ = {isa = PBXFileReference; lastKnownFileType = file.storyboard; path = CreateChallenge.storyboard; sourceTree = "<group>"; };
		1CA2DD2128B5E5CE00F401CC /* CreateChallengeViewController.swift */ = {isa = PBXFileReference; lastKnownFileType = sourcecode.swift; path = CreateChallengeViewController.swift; sourceTree = "<group>"; };
		1CA2DD2328B8A0E900F401CC /* Challenge.swift */ = {isa = PBXFileReference; lastKnownFileType = sourcecode.swift; path = Challenge.swift; sourceTree = "<group>"; };
		1CACC76228D9683000A1F052 /* ResetPassword.storyboard */ = {isa = PBXFileReference; lastKnownFileType = file.storyboard; path = ResetPassword.storyboard; sourceTree = "<group>"; };
		1CACC76428D9AABB00A1F052 /* ResetPasswordViewController.swift */ = {isa = PBXFileReference; lastKnownFileType = sourcecode.swift; path = ResetPasswordViewController.swift; sourceTree = "<group>"; };
		1CACC76628DC2ADE00A1F052 /* Menu.storyboard */ = {isa = PBXFileReference; lastKnownFileType = file.storyboard; path = Menu.storyboard; sourceTree = "<group>"; };
		1CACC76828DC2F0C00A1F052 /* MenuViewController.swift */ = {isa = PBXFileReference; lastKnownFileType = sourcecode.swift; path = MenuViewController.swift; sourceTree = "<group>"; };
		1CB7A3FB28A36021008E1262 /* SetsuyakuChallenge.app */ = {isa = PBXFileReference; explicitFileType = wrapper.application; includeInIndex = 0; path = SetsuyakuChallenge.app; sourceTree = BUILT_PRODUCTS_DIR; };
		1CB7A3FE28A36021008E1262 /* AppDelegate.swift */ = {isa = PBXFileReference; lastKnownFileType = sourcecode.swift; path = AppDelegate.swift; sourceTree = "<group>"; };
		1CB7A40028A36021008E1262 /* SceneDelegate.swift */ = {isa = PBXFileReference; lastKnownFileType = sourcecode.swift; path = SceneDelegate.swift; sourceTree = "<group>"; };
		1CB7A40228A36021008E1262 /* ViewController.swift */ = {isa = PBXFileReference; lastKnownFileType = sourcecode.swift; path = ViewController.swift; sourceTree = "<group>"; };
		1CB7A40528A36021008E1262 /* Base */ = {isa = PBXFileReference; lastKnownFileType = file.storyboard; name = Base; path = Base.lproj/Main.storyboard; sourceTree = "<group>"; };
		1CB7A40728A36026008E1262 /* Assets.xcassets */ = {isa = PBXFileReference; lastKnownFileType = folder.assetcatalog; path = Assets.xcassets; sourceTree = "<group>"; };
		1CB7A40A28A36026008E1262 /* Base */ = {isa = PBXFileReference; lastKnownFileType = file.storyboard; name = Base; path = Base.lproj/LaunchScreen.storyboard; sourceTree = "<group>"; };
		1CB7A40C28A36026008E1262 /* Info.plist */ = {isa = PBXFileReference; lastKnownFileType = text.plist.xml; path = Info.plist; sourceTree = "<group>"; };
		1CB7A41428A3643B008E1262 /* SignUp.storyboard */ = {isa = PBXFileReference; lastKnownFileType = file.storyboard; path = SignUp.storyboard; sourceTree = "<group>"; };
		1CB7A41928A3A79E008E1262 /* SignUpViewController.swift */ = {isa = PBXFileReference; lastKnownFileType = sourcecode.swift; path = SignUpViewController.swift; sourceTree = "<group>"; };
		1CD3807D28A4A60600B2AC80 /* GoogleService-Info.plist */ = {isa = PBXFileReference; fileEncoding = 4; lastKnownFileType = text.plist.xml; name = "GoogleService-Info.plist"; path = "../../../My Mac (todaryoumanoMBP)/Downloads/GoogleService-Info.plist"; sourceTree = "<group>"; };
		1CD3807F28A4F0C100B2AC80 /* User.swift */ = {isa = PBXFileReference; lastKnownFileType = sourcecode.swift; path = User.swift; sourceTree = "<group>"; };
		1CD380AB28A5FB9A00B2AC80 /* UserDetails.storyboard */ = {isa = PBXFileReference; lastKnownFileType = file.storyboard; path = UserDetails.storyboard; sourceTree = "<group>"; };
		1CD380AD28A5FC5D00B2AC80 /* UserDetailsViewController.swift */ = {isa = PBXFileReference; lastKnownFileType = sourcecode.swift; path = UserDetailsViewController.swift; sourceTree = "<group>"; };
		1CD380AF28A602FF00B2AC80 /* UserDetailsTableViewHeaderView.xib */ = {isa = PBXFileReference; lastKnownFileType = file.xib; path = UserDetailsTableViewHeaderView.xib; sourceTree = "<group>"; };
		1CD380B128A6033C00B2AC80 /* UserDetailsTableViewHeaderView.swift */ = {isa = PBXFileReference; lastKnownFileType = sourcecode.swift; path = UserDetailsTableViewHeaderView.swift; sourceTree = "<group>"; };
		1CD380B328A62CB000B2AC80 /* UserDetailsTableViewCell.xib */ = {isa = PBXFileReference; lastKnownFileType = file.xib; path = UserDetailsTableViewCell.xib; sourceTree = "<group>"; };
		1CD380B528A62CC600B2AC80 /* UserDetailsTableViewCell.swift */ = {isa = PBXFileReference; lastKnownFileType = sourcecode.swift; path = UserDetailsTableViewCell.swift; sourceTree = "<group>"; };
		1CD380B728A63C7000B2AC80 /* Option.swift */ = {isa = PBXFileReference; lastKnownFileType = sourcecode.swift; path = Option.swift; sourceTree = "<group>"; };
		1CD380C128A8F51B00B2AC80 /* Home.storyboard */ = {isa = PBXFileReference; lastKnownFileType = file.storyboard; path = Home.storyboard; sourceTree = "<group>"; };
		1CD380C328A8F53A00B2AC80 /* HomeViewController.swift */ = {isa = PBXFileReference; lastKnownFileType = sourcecode.swift; path = HomeViewController.swift; sourceTree = "<group>"; };
		1CD380E928AC8AD200B2AC80 /* ChallengeCollectionViewCell.xib */ = {isa = PBXFileReference; lastKnownFileType = file.xib; path = ChallengeCollectionViewCell.xib; sourceTree = "<group>"; };
		1CD380EB28AC8B1C00B2AC80 /* ChallengeCollectionViewCell.swift */ = {isa = PBXFileReference; lastKnownFileType = sourcecode.swift; path = ChallengeCollectionViewCell.swift; sourceTree = "<group>"; };
		1CD380ED28B06E2300B2AC80 /* UIColor+.swift */ = {isa = PBXFileReference; lastKnownFileType = sourcecode.swift; path = "UIColor+.swift"; sourceTree = "<group>"; };
		1CD380EF28B343E400B2AC80 /* SignIn.storyboard */ = {isa = PBXFileReference; lastKnownFileType = file.storyboard; path = SignIn.storyboard; sourceTree = "<group>"; };
		1CD380F128B3440600B2AC80 /* SignInViewController.swift */ = {isa = PBXFileReference; lastKnownFileType = sourcecode.swift; path = SignInViewController.swift; sourceTree = "<group>"; };
		1CEB237328BE030000D3FE15 /* CreateSaveMoenyReport.storyboard */ = {isa = PBXFileReference; lastKnownFileType = file.storyboard; path = CreateSaveMoenyReport.storyboard; sourceTree = "<group>"; };
		1CEB237528BE03BF00D3FE15 /* CreateSaveMoneyReportViewController.swift */ = {isa = PBXFileReference; lastKnownFileType = sourcecode.swift; path = CreateSaveMoneyReportViewController.swift; sourceTree = "<group>"; };
		1CEB237928BE5E1100D3FE15 /* UIButton+.swift */ = {isa = PBXFileReference; lastKnownFileType = sourcecode.swift; path = "UIButton+.swift"; sourceTree = "<group>"; };
		1CEB237B28BF45F500D3FE15 /* SaveMoneyReport.swift */ = {isa = PBXFileReference; lastKnownFileType = sourcecode.swift; path = SaveMoneyReport.swift; sourceTree = "<group>"; };
		1CEB237D28C0A1E600D3FE15 /* UITextField+.swift */ = {isa = PBXFileReference; lastKnownFileType = sourcecode.swift; path = "UITextField+.swift"; sourceTree = "<group>"; };
		1CEB238128C1F11E00D3FE15 /* AlertManager.swift */ = {isa = PBXFileReference; lastKnownFileType = sourcecode.swift; path = AlertManager.swift; sourceTree = "<group>"; };
		1CEB238328C5A94100D3FE15 /* FirebaseValueManager.swift */ = {isa = PBXFileReference; lastKnownFileType = sourcecode.swift; path = FirebaseValueManager.swift; sourceTree = "<group>"; };
		357490A01650221DBC3F0C39 /* Pods-SetsuyakuChallenge.debug.xcconfig */ = {isa = PBXFileReference; includeInIndex = 1; lastKnownFileType = text.xcconfig; name = "Pods-SetsuyakuChallenge.debug.xcconfig"; path = "Target Support Files/Pods-SetsuyakuChallenge/Pods-SetsuyakuChallenge.debug.xcconfig"; sourceTree = "<group>"; };
		9559AA5CFA7CEF13DE1E1D23 /* Pods_SetsuyakuChallenge.framework */ = {isa = PBXFileReference; explicitFileType = wrapper.framework; includeInIndex = 0; path = Pods_SetsuyakuChallenge.framework; sourceTree = BUILT_PRODUCTS_DIR; };
		A61DB092B882EF53AA343305 /* Pods-SetsuyakuChallenge.release.xcconfig */ = {isa = PBXFileReference; includeInIndex = 1; lastKnownFileType = text.xcconfig; name = "Pods-SetsuyakuChallenge.release.xcconfig"; path = "Target Support Files/Pods-SetsuyakuChallenge/Pods-SetsuyakuChallenge.release.xcconfig"; sourceTree = "<group>"; };
/* End PBXFileReference section */

/* Begin PBXFrameworksBuildPhase section */
		1CB7A3F828A36021008E1262 /* Frameworks */ = {
			isa = PBXFrameworksBuildPhase;
			buildActionMask = 2147483647;
			files = (
				9DC38D5127426FCCFA123819 /* Pods_SetsuyakuChallenge.framework in Frameworks */,
			);
			runOnlyForDeploymentPostprocessing = 0;
		};
/* End PBXFrameworksBuildPhase section */

/* Begin PBXGroup section */
		1CB7A3F228A36021008E1262 = {
			isa = PBXGroup;
			children = (
				1CB7A3FD28A36021008E1262 /* SetsuyakuChallenge */,
				1CB7A3FC28A36021008E1262 /* Products */,
				5A7A9300A0F38E6F1B3AFF98 /* Pods */,
				32118A1381797AF599F29A48 /* Frameworks */,
			);
			sourceTree = "<group>";
		};
		1CB7A3FC28A36021008E1262 /* Products */ = {
			isa = PBXGroup;
			children = (
				1CB7A3FB28A36021008E1262 /* SetsuyakuChallenge.app */,
			);
			name = Products;
			sourceTree = "<group>";
		};
		1CB7A3FD28A36021008E1262 /* SetsuyakuChallenge */ = {
			isa = PBXGroup;
			children = (
				1CB7A3FE28A36021008E1262 /* AppDelegate.swift */,
				1CB7A40028A36021008E1262 /* SceneDelegate.swift */,
				1CD3807F28A4F0C100B2AC80 /* User.swift */,
				1CD380B728A63C7000B2AC80 /* Option.swift */,
				1CD380ED28B06E2300B2AC80 /* UIColor+.swift */,
				1CEB237928BE5E1100D3FE15 /* UIButton+.swift */,
				1CEB237D28C0A1E600D3FE15 /* UITextField+.swift */,
				1CA2DD2328B8A0E900F401CC /* Challenge.swift */,
				1CEB237B28BF45F500D3FE15 /* SaveMoneyReport.swift */,
				1CEB238128C1F11E00D3FE15 /* AlertManager.swift */,
				1CEB238328C5A94100D3FE15 /* FirebaseValueManager.swift */,
				1CB7A40228A36021008E1262 /* ViewController.swift */,
				1CB7A40428A36021008E1262 /* Main.storyboard */,
				1CEB237528BE03BF00D3FE15 /* CreateSaveMoneyReportViewController.swift */,
				1CEB237328BE030000D3FE15 /* CreateSaveMoenyReport.storyboard */,
				1C6DF4A928BCE9D4002F52D0 /* SaveMoneyReportListTableViewCell.swift */,
				1C6DF4A728BCE961002F52D0 /* SaveMoneyReportListTableViewCell.xib */,
				1C6DF4A528BCE5D1002F52D0 /* SaveMoneyReportListViewController.swift */,
				1C6DF4A328BCE547002F52D0 /* SaveMoneyReportList.storyboard */,
				1CA2DD2128B5E5CE00F401CC /* CreateChallengeViewController.swift */,
				1CA2DD1F28B5E5B300F401CC /* CreateChallenge.storyboard */,
				1CACC76628DC2ADE00A1F052 /* Menu.storyboard */,
				1CACC76828DC2F0C00A1F052 /* MenuViewController.swift */,
				1CACC76428D9AABB00A1F052 /* ResetPasswordViewController.swift */,
				1CACC76228D9683000A1F052 /* ResetPassword.storyboard */,
				1CD380F128B3440600B2AC80 /* SignInViewController.swift */,
				1CD380EF28B343E400B2AC80 /* SignIn.storyboard */,
				1CB7A41928A3A79E008E1262 /* SignUpViewController.swift */,
				1CB7A41428A3643B008E1262 /* SignUp.storyboard */,
				1CD380C328A8F53A00B2AC80 /* HomeViewController.swift */,
				1CD380C128A8F51B00B2AC80 /* Home.storyboard */,
				1CD380EB28AC8B1C00B2AC80 /* ChallengeCollectionViewCell.swift */,
				1CD380E928AC8AD200B2AC80 /* ChallengeCollectionViewCell.xib */,
				1CD380AD28A5FC5D00B2AC80 /* UserDetailsViewController.swift */,
				1CD380AB28A5FB9A00B2AC80 /* UserDetails.storyboard */,
				1CD380B128A6033C00B2AC80 /* UserDetailsTableViewHeaderView.swift */,
				1CD380AF28A602FF00B2AC80 /* UserDetailsTableViewHeaderView.xib */,
				1CD380B528A62CC600B2AC80 /* UserDetailsTableViewCell.swift */,
				1CD380B328A62CB000B2AC80 /* UserDetailsTableViewCell.xib */,
				1CB7A40728A36026008E1262 /* Assets.xcassets */,
				1CB7A40928A36026008E1262 /* LaunchScreen.storyboard */,
				1CB7A40C28A36026008E1262 /* Info.plist */,
				1CD3807D28A4A60600B2AC80 /* GoogleService-Info.plist */,
			);
			path = SetsuyakuChallenge;
			sourceTree = "<group>";
		};
		32118A1381797AF599F29A48 /* Frameworks */ = {
			isa = PBXGroup;
			children = (
				9559AA5CFA7CEF13DE1E1D23 /* Pods_SetsuyakuChallenge.framework */,
			);
			name = Frameworks;
			sourceTree = "<group>";
		};
		5A7A9300A0F38E6F1B3AFF98 /* Pods */ = {
			isa = PBXGroup;
			children = (
				357490A01650221DBC3F0C39 /* Pods-SetsuyakuChallenge.debug.xcconfig */,
				A61DB092B882EF53AA343305 /* Pods-SetsuyakuChallenge.release.xcconfig */,
			);
			path = Pods;
			sourceTree = "<group>";
		};
/* End PBXGroup section */

/* Begin PBXNativeTarget section */
		1CB7A3FA28A36021008E1262 /* SetsuyakuChallenge */ = {
			isa = PBXNativeTarget;
			buildConfigurationList = 1CB7A40F28A36026008E1262 /* Build configuration list for PBXNativeTarget "SetsuyakuChallenge" */;
			buildPhases = (
				DF2EBF371B707EACDBC8D04F /* [CP] Check Pods Manifest.lock */,
				1CB7A3F728A36021008E1262 /* Sources */,
				1CB7A3F828A36021008E1262 /* Frameworks */,
				1CB7A3F928A36021008E1262 /* Resources */,
				5032F2F980ADB6ED827FA37E /* [CP] Embed Pods Frameworks */,
				1CD3807A28A3FB1600B2AC80 /* ShellScript */,
			);
			buildRules = (
			);
			dependencies = (
			);
			name = SetsuyakuChallenge;
			productName = SetsuyakuChallenge;
			productReference = 1CB7A3FB28A36021008E1262 /* SetsuyakuChallenge.app */;
			productType = "com.apple.product-type.application";
		};
/* End PBXNativeTarget section */

/* Begin PBXProject section */
		1CB7A3F328A36021008E1262 /* Project object */ = {
			isa = PBXProject;
			attributes = {
				BuildIndependentTargetsInParallel = 1;
				LastSwiftUpdateCheck = 1340;
				LastUpgradeCheck = 1340;
				TargetAttributes = {
					1CB7A3FA28A36021008E1262 = {
						CreatedOnToolsVersion = 13.4.1;
					};
				};
			};
			buildConfigurationList = 1CB7A3F628A36021008E1262 /* Build configuration list for PBXProject "SetsuyakuChallenge" */;
			compatibilityVersion = "Xcode 13.0";
			developmentRegion = en;
			hasScannedForEncodings = 0;
			knownRegions = (
				en,
				Base,
			);
			mainGroup = 1CB7A3F228A36021008E1262;
			productRefGroup = 1CB7A3FC28A36021008E1262 /* Products */;
			projectDirPath = "";
			projectRoot = "";
			targets = (
				1CB7A3FA28A36021008E1262 /* SetsuyakuChallenge */,
			);
		};
/* End PBXProject section */

/* Begin PBXResourcesBuildPhase section */
		1CB7A3F928A36021008E1262 /* Resources */ = {
			isa = PBXResourcesBuildPhase;
			buildActionMask = 2147483647;
			files = (
				1CACC76728DC2ADF00A1F052 /* Menu.storyboard in Resources */,
				1CD380EA28AC8AD200B2AC80 /* ChallengeCollectionViewCell.xib in Resources */,
				1CB7A40B28A36026008E1262 /* LaunchScreen.storyboard in Resources */,
				1CB7A40828A36026008E1262 /* Assets.xcassets in Resources */,
				1CD3807E28A4A60600B2AC80 /* GoogleService-Info.plist in Resources */,
				1CA2DD2028B5E5B300F401CC /* CreateChallenge.storyboard in Resources */,
				1CACC76328D9683100A1F052 /* ResetPassword.storyboard in Resources */,
				1CD380C228A8F51B00B2AC80 /* Home.storyboard in Resources */,
				1CD380B028A602FF00B2AC80 /* UserDetailsTableViewHeaderView.xib in Resources */,
				1C6DF4A828BCE961002F52D0 /* SaveMoneyReportListTableViewCell.xib in Resources */,
				1CD380F028B343E500B2AC80 /* SignIn.storyboard in Resources */,
				1CB7A40628A36021008E1262 /* Main.storyboard in Resources */,
				1CD380B428A62CB000B2AC80 /* UserDetailsTableViewCell.xib in Resources */,
				1CEB237428BE030000D3FE15 /* CreateSaveMoenyReport.storyboard in Resources */,
				1C6DF4A428BCE54B002F52D0 /* SaveMoneyReportList.storyboard in Resources */,
				1CB7A41528A3643B008E1262 /* SignUp.storyboard in Resources */,
				1CD380AC28A5FB9A00B2AC80 /* UserDetails.storyboard in Resources */,
			);
			runOnlyForDeploymentPostprocessing = 0;
		};
/* End PBXResourcesBuildPhase section */

/* Begin PBXShellScriptBuildPhase section */
		1CD3807A28A3FB1600B2AC80 /* ShellScript */ = {
			isa = PBXShellScriptBuildPhase;
			buildActionMask = 2147483647;
			files = (
			);
			inputFileListPaths = (
			);
			inputPaths = (
			);
			outputFileListPaths = (
			);
			outputPaths = (
			);
			runOnlyForDeploymentPostprocessing = 0;
			shellPath = /bin/sh;
			shellScript = "export PATH=\"$PATH:/opt/homebrew/bin\"\nif which swiftlint > /dev/null; then\n  swiftlint\nelse\n  echo \"warning: SwiftLint not installed, download from https://github.com/realm/SwiftLint\"\nfi\n";
		};
		5032F2F980ADB6ED827FA37E /* [CP] Embed Pods Frameworks */ = {
			isa = PBXShellScriptBuildPhase;
			buildActionMask = 2147483647;
			files = (
			);
			inputFileListPaths = (
				"${PODS_ROOT}/Target Support Files/Pods-SetsuyakuChallenge/Pods-SetsuyakuChallenge-frameworks-${CONFIGURATION}-input-files.xcfilelist",
			);
			name = "[CP] Embed Pods Frameworks";
			outputFileListPaths = (
				"${PODS_ROOT}/Target Support Files/Pods-SetsuyakuChallenge/Pods-SetsuyakuChallenge-frameworks-${CONFIGURATION}-output-files.xcfilelist",
			);
			runOnlyForDeploymentPostprocessing = 0;
			shellPath = /bin/sh;
			shellScript = "\"${PODS_ROOT}/Target Support Files/Pods-SetsuyakuChallenge/Pods-SetsuyakuChallenge-frameworks.sh\"\n";
			showEnvVarsInLog = 0;
		};
		DF2EBF371B707EACDBC8D04F /* [CP] Check Pods Manifest.lock */ = {
			isa = PBXShellScriptBuildPhase;
			buildActionMask = 2147483647;
			files = (
			);
			inputFileListPaths = (
			);
			inputPaths = (
				"${PODS_PODFILE_DIR_PATH}/Podfile.lock",
				"${PODS_ROOT}/Manifest.lock",
			);
			name = "[CP] Check Pods Manifest.lock";
			outputFileListPaths = (
			);
			outputPaths = (
				"$(DERIVED_FILE_DIR)/Pods-SetsuyakuChallenge-checkManifestLockResult.txt",
			);
			runOnlyForDeploymentPostprocessing = 0;
			shellPath = /bin/sh;
			shellScript = "diff \"${PODS_PODFILE_DIR_PATH}/Podfile.lock\" \"${PODS_ROOT}/Manifest.lock\" > /dev/null\nif [ $? != 0 ] ; then\n    # print error to STDERR\n    echo \"error: The sandbox is not in sync with the Podfile.lock. Run 'pod install' or update your CocoaPods installation.\" >&2\n    exit 1\nfi\n# This output is used by Xcode 'outputs' to avoid re-running this script phase.\necho \"SUCCESS\" > \"${SCRIPT_OUTPUT_FILE_0}\"\n";
			showEnvVarsInLog = 0;
		};
/* End PBXShellScriptBuildPhase section */

/* Begin PBXSourcesBuildPhase section */
		1CB7A3F728A36021008E1262 /* Sources */ = {
			isa = PBXSourcesBuildPhase;
			buildActionMask = 2147483647;
			files = (
				1C6DF4A628BCE5D1002F52D0 /* SaveMoneyReportListViewController.swift in Sources */,
				1CB7A40328A36021008E1262 /* ViewController.swift in Sources */,
				1CD380EC28AC8B1C00B2AC80 /* ChallengeCollectionViewCell.swift in Sources */,
				1CACC76528D9AABB00A1F052 /* ResetPasswordViewController.swift in Sources */,
				1CD380B628A62CC700B2AC80 /* UserDetailsTableViewCell.swift in Sources */,
				1CD380B228A6033C00B2AC80 /* UserDetailsTableViewHeaderView.swift in Sources */,
				1CA2DD2428B8A0EA00F401CC /* Challenge.swift in Sources */,
				1CEB238228C1F11E00D3FE15 /* AlertManager.swift in Sources */,
				1CEB237A28BE5E1100D3FE15 /* UIButton+.swift in Sources */,
				1CEB237628BE03BF00D3FE15 /* CreateSaveMoneyReportViewController.swift in Sources */,
				1CB7A3FF28A36021008E1262 /* AppDelegate.swift in Sources */,
				1CEB237E28C0A1E600D3FE15 /* UITextField+.swift in Sources */,
				1CD380F228B3440600B2AC80 /* SignInViewController.swift in Sources */,
				1CD380EE28B06E2300B2AC80 /* UIColor+.swift in Sources */,
				1CB7A41A28A3A79E008E1262 /* SignUpViewController.swift in Sources */,
				1CD380C428A8F53A00B2AC80 /* HomeViewController.swift in Sources */,
				1CACC76928DC2F0C00A1F052 /* MenuViewController.swift in Sources */,
				1CD3808028A4F0C100B2AC80 /* User.swift in Sources */,
				1CA2DD2228B5E5CE00F401CC /* CreateChallengeViewController.swift in Sources */,
				1CEB238428C5A94100D3FE15 /* FirebaseValueManager.swift in Sources */,
				1CEB237C28BF45F500D3FE15 /* SaveMoneyReport.swift in Sources */,
				1C6DF4AA28BCE9D5002F52D0 /* SaveMoneyReportListTableViewCell.swift in Sources */,
				1CD380AE28A5FC5D00B2AC80 /* UserDetailsViewController.swift in Sources */,
				1CD380B828A63C7000B2AC80 /* Option.swift in Sources */,
				1CB7A40128A36021008E1262 /* SceneDelegate.swift in Sources */,
			);
			runOnlyForDeploymentPostprocessing = 0;
		};
/* End PBXSourcesBuildPhase section */

/* Begin PBXVariantGroup section */
		1CB7A40428A36021008E1262 /* Main.storyboard */ = {
			isa = PBXVariantGroup;
			children = (
				1CB7A40528A36021008E1262 /* Base */,
			);
			name = Main.storyboard;
			sourceTree = "<group>";
		};
		1CB7A40928A36026008E1262 /* LaunchScreen.storyboard */ = {
			isa = PBXVariantGroup;
			children = (
				1CB7A40A28A36026008E1262 /* Base */,
			);
			name = LaunchScreen.storyboard;
			sourceTree = "<group>";
		};
/* End PBXVariantGroup section */

/* Begin XCBuildConfiguration section */
		1CB7A40D28A36026008E1262 /* Debug */ = {
			isa = XCBuildConfiguration;
			buildSettings = {
				ALWAYS_SEARCH_USER_PATHS = NO;
				CLANG_ANALYZER_NONNULL = YES;
				CLANG_ANALYZER_NUMBER_OBJECT_CONVERSION = YES_AGGRESSIVE;
				CLANG_CXX_LANGUAGE_STANDARD = "gnu++17";
				CLANG_ENABLE_MODULES = YES;
				CLANG_ENABLE_OBJC_ARC = YES;
				CLANG_ENABLE_OBJC_WEAK = YES;
				CLANG_WARN_BLOCK_CAPTURE_AUTORELEASING = YES;
				CLANG_WARN_BOOL_CONVERSION = YES;
				CLANG_WARN_COMMA = YES;
				CLANG_WARN_CONSTANT_CONVERSION = YES;
				CLANG_WARN_DEPRECATED_OBJC_IMPLEMENTATIONS = YES;
				CLANG_WARN_DIRECT_OBJC_ISA_USAGE = YES_ERROR;
				CLANG_WARN_DOCUMENTATION_COMMENTS = YES;
				CLANG_WARN_EMPTY_BODY = YES;
				CLANG_WARN_ENUM_CONVERSION = YES;
				CLANG_WARN_INFINITE_RECURSION = YES;
				CLANG_WARN_INT_CONVERSION = YES;
				CLANG_WARN_NON_LITERAL_NULL_CONVERSION = YES;
				CLANG_WARN_OBJC_IMPLICIT_RETAIN_SELF = YES;
				CLANG_WARN_OBJC_LITERAL_CONVERSION = YES;
				CLANG_WARN_OBJC_ROOT_CLASS = YES_ERROR;
				CLANG_WARN_QUOTED_INCLUDE_IN_FRAMEWORK_HEADER = YES;
				CLANG_WARN_RANGE_LOOP_ANALYSIS = YES;
				CLANG_WARN_STRICT_PROTOTYPES = YES;
				CLANG_WARN_SUSPICIOUS_MOVE = YES;
				CLANG_WARN_UNGUARDED_AVAILABILITY = YES_AGGRESSIVE;
				CLANG_WARN_UNREACHABLE_CODE = YES;
				CLANG_WARN__DUPLICATE_METHOD_MATCH = YES;
				COPY_PHASE_STRIP = NO;
				DEBUG_INFORMATION_FORMAT = dwarf;
				ENABLE_STRICT_OBJC_MSGSEND = YES;
				ENABLE_TESTABILITY = YES;
				GCC_C_LANGUAGE_STANDARD = gnu11;
				GCC_DYNAMIC_NO_PIC = NO;
				GCC_NO_COMMON_BLOCKS = YES;
				GCC_OPTIMIZATION_LEVEL = 0;
				GCC_PREPROCESSOR_DEFINITIONS = (
					"DEBUG=1",
					"$(inherited)",
				);
				GCC_WARN_64_TO_32_BIT_CONVERSION = YES;
				GCC_WARN_ABOUT_RETURN_TYPE = YES_ERROR;
				GCC_WARN_UNDECLARED_SELECTOR = YES;
				GCC_WARN_UNINITIALIZED_AUTOS = YES_AGGRESSIVE;
				GCC_WARN_UNUSED_FUNCTION = YES;
				GCC_WARN_UNUSED_VARIABLE = YES;
				IPHONEOS_DEPLOYMENT_TARGET = 15.5;
				MTL_ENABLE_DEBUG_INFO = INCLUDE_SOURCE;
				MTL_FAST_MATH = YES;
				ONLY_ACTIVE_ARCH = YES;
				SDKROOT = iphoneos;
				SWIFT_ACTIVE_COMPILATION_CONDITIONS = DEBUG;
				SWIFT_OPTIMIZATION_LEVEL = "-Onone";
			};
			name = Debug;
		};
		1CB7A40E28A36026008E1262 /* Release */ = {
			isa = XCBuildConfiguration;
			buildSettings = {
				ALWAYS_SEARCH_USER_PATHS = NO;
				CLANG_ANALYZER_NONNULL = YES;
				CLANG_ANALYZER_NUMBER_OBJECT_CONVERSION = YES_AGGRESSIVE;
				CLANG_CXX_LANGUAGE_STANDARD = "gnu++17";
				CLANG_ENABLE_MODULES = YES;
				CLANG_ENABLE_OBJC_ARC = YES;
				CLANG_ENABLE_OBJC_WEAK = YES;
				CLANG_WARN_BLOCK_CAPTURE_AUTORELEASING = YES;
				CLANG_WARN_BOOL_CONVERSION = YES;
				CLANG_WARN_COMMA = YES;
				CLANG_WARN_CONSTANT_CONVERSION = YES;
				CLANG_WARN_DEPRECATED_OBJC_IMPLEMENTATIONS = YES;
				CLANG_WARN_DIRECT_OBJC_ISA_USAGE = YES_ERROR;
				CLANG_WARN_DOCUMENTATION_COMMENTS = YES;
				CLANG_WARN_EMPTY_BODY = YES;
				CLANG_WARN_ENUM_CONVERSION = YES;
				CLANG_WARN_INFINITE_RECURSION = YES;
				CLANG_WARN_INT_CONVERSION = YES;
				CLANG_WARN_NON_LITERAL_NULL_CONVERSION = YES;
				CLANG_WARN_OBJC_IMPLICIT_RETAIN_SELF = YES;
				CLANG_WARN_OBJC_LITERAL_CONVERSION = YES;
				CLANG_WARN_OBJC_ROOT_CLASS = YES_ERROR;
				CLANG_WARN_QUOTED_INCLUDE_IN_FRAMEWORK_HEADER = YES;
				CLANG_WARN_RANGE_LOOP_ANALYSIS = YES;
				CLANG_WARN_STRICT_PROTOTYPES = YES;
				CLANG_WARN_SUSPICIOUS_MOVE = YES;
				CLANG_WARN_UNGUARDED_AVAILABILITY = YES_AGGRESSIVE;
				CLANG_WARN_UNREACHABLE_CODE = YES;
				CLANG_WARN__DUPLICATE_METHOD_MATCH = YES;
				COPY_PHASE_STRIP = NO;
				DEBUG_INFORMATION_FORMAT = "dwarf-with-dsym";
				ENABLE_NS_ASSERTIONS = NO;
				ENABLE_STRICT_OBJC_MSGSEND = YES;
				GCC_C_LANGUAGE_STANDARD = gnu11;
				GCC_NO_COMMON_BLOCKS = YES;
				GCC_WARN_64_TO_32_BIT_CONVERSION = YES;
				GCC_WARN_ABOUT_RETURN_TYPE = YES_ERROR;
				GCC_WARN_UNDECLARED_SELECTOR = YES;
				GCC_WARN_UNINITIALIZED_AUTOS = YES_AGGRESSIVE;
				GCC_WARN_UNUSED_FUNCTION = YES;
				GCC_WARN_UNUSED_VARIABLE = YES;
				IPHONEOS_DEPLOYMENT_TARGET = 15.5;
				MTL_ENABLE_DEBUG_INFO = NO;
				MTL_FAST_MATH = YES;
				SDKROOT = iphoneos;
				SWIFT_COMPILATION_MODE = wholemodule;
				SWIFT_OPTIMIZATION_LEVEL = "-O";
				VALIDATE_PRODUCT = YES;
			};
			name = Release;
		};
		1CB7A41028A36026008E1262 /* Debug */ = {
			isa = XCBuildConfiguration;
			baseConfigurationReference = 357490A01650221DBC3F0C39 /* Pods-SetsuyakuChallenge.debug.xcconfig */;
			buildSettings = {
				ASSETCATALOG_COMPILER_APPICON_NAME = AppIcon;
				ASSETCATALOG_COMPILER_GLOBAL_ACCENT_COLOR_NAME = AccentColor;
				CODE_SIGN_STYLE = Automatic;
				CURRENT_PROJECT_VERSION = 1;
				DEVELOPMENT_TEAM = WY23RUM8JH;
				GENERATE_INFOPLIST_FILE = YES;
				INFOPLIST_FILE = SetsuyakuChallenge/Info.plist;
				INFOPLIST_KEY_UIApplicationSupportsIndirectInputEvents = YES;
				INFOPLIST_KEY_UILaunchStoryboardName = LaunchScreen;
				INFOPLIST_KEY_UIMainStoryboardFile = Home;
				INFOPLIST_KEY_UISupportedInterfaceOrientations_iPad = "UIInterfaceOrientationPortrait UIInterfaceOrientationPortraitUpsideDown UIInterfaceOrientationLandscapeLeft UIInterfaceOrientationLandscapeRight";
				INFOPLIST_KEY_UISupportedInterfaceOrientations_iPhone = "UIInterfaceOrientationPortrait UIInterfaceOrientationLandscapeLeft UIInterfaceOrientationLandscapeRight";
				LD_RUNPATH_SEARCH_PATHS = (
					"$(inherited)",
					"@executable_path/Frameworks",
				);
				MARKETING_VERSION = 1.0;
				PRODUCT_BUNDLE_IDENTIFIER = com.otoufujohnny.SetsuyakuChallenge;
				PRODUCT_NAME = "$(TARGET_NAME)";
				SWIFT_EMIT_LOC_STRINGS = YES;
				SWIFT_VERSION = 5.0;
				TARGETED_DEVICE_FAMILY = 1;
			};
			name = Debug;
		};
		1CB7A41128A36026008E1262 /* Release */ = {
			isa = XCBuildConfiguration;
			baseConfigurationReference = A61DB092B882EF53AA343305 /* Pods-SetsuyakuChallenge.release.xcconfig */;
			buildSettings = {
				ASSETCATALOG_COMPILER_APPICON_NAME = AppIcon;
				ASSETCATALOG_COMPILER_GLOBAL_ACCENT_COLOR_NAME = AccentColor;
				CODE_SIGN_STYLE = Automatic;
				CURRENT_PROJECT_VERSION = 1;
				DEVELOPMENT_TEAM = WY23RUM8JH;
				GENERATE_INFOPLIST_FILE = YES;
				INFOPLIST_FILE = SetsuyakuChallenge/Info.plist;
				INFOPLIST_KEY_UIApplicationSupportsIndirectInputEvents = YES;
				INFOPLIST_KEY_UILaunchStoryboardName = LaunchScreen;
				INFOPLIST_KEY_UIMainStoryboardFile = Home;
				INFOPLIST_KEY_UISupportedInterfaceOrientations_iPad = "UIInterfaceOrientationPortrait UIInterfaceOrientationPortraitUpsideDown UIInterfaceOrientationLandscapeLeft UIInterfaceOrientationLandscapeRight";
				INFOPLIST_KEY_UISupportedInterfaceOrientations_iPhone = "UIInterfaceOrientationPortrait UIInterfaceOrientationLandscapeLeft UIInterfaceOrientationLandscapeRight";
				LD_RUNPATH_SEARCH_PATHS = (
					"$(inherited)",
					"@executable_path/Frameworks",
				);
				MARKETING_VERSION = 1.0;
				PRODUCT_BUNDLE_IDENTIFIER = com.otoufujohnny.SetsuyakuChallenge;
				PRODUCT_NAME = "$(TARGET_NAME)";
				SWIFT_EMIT_LOC_STRINGS = YES;
				SWIFT_VERSION = 5.0;
				TARGETED_DEVICE_FAMILY = 1;
			};
			name = Release;
		};
/* End XCBuildConfiguration section */

/* Begin XCConfigurationList section */
		1CB7A3F628A36021008E1262 /* Build configuration list for PBXProject "SetsuyakuChallenge" */ = {
			isa = XCConfigurationList;
			buildConfigurations = (
				1CB7A40D28A36026008E1262 /* Debug */,
				1CB7A40E28A36026008E1262 /* Release */,
			);
			defaultConfigurationIsVisible = 0;
			defaultConfigurationName = Release;
		};
		1CB7A40F28A36026008E1262 /* Build configuration list for PBXNativeTarget "SetsuyakuChallenge" */ = {
			isa = XCConfigurationList;
			buildConfigurations = (
				1CB7A41028A36026008E1262 /* Debug */,
				1CB7A41128A36026008E1262 /* Release */,
			);
			defaultConfigurationIsVisible = 0;
			defaultConfigurationName = Release;
		};
/* End XCConfigurationList section */
	};
	rootObject = 1CB7A3F328A36021008E1262 /* Project object */;
}
